
Microsoft Visual Studio Solution File, Format Version 12.00
# Visual Studio Version 17
VisualStudioVersion = 17.7.34031.279
MinimumVisualStudioVersion = 10.0.40219.1
Project("{8BC9CEB8-8B4A-11D0-8D11-00A0C91BC942}") = "code_23_11_09", "code_23_11_09\code_23_11_09.vcxproj", "{BF2C6168-C60E-4925-92F6-131DECEC6E94}"
EndProject
Global
	GlobalSection(SolutionConfigurationPlatforms) = preSolution
		Debug|x64 = Debug|x64
		Debug|x86 = Debug|x86
		Release|x64 = Release|x64
		Release|x86 = Release|x86
	EndGlobalSection
	GlobalSection(ProjectConfigurationPlatforms) = postSolution
		{BF2C6168-C60E-4925-92F6-131DECEC6E94}.Debug|x64.ActiveCfg = Debug|x64
		{BF2C6168-C60E-4925-92F6-131DECEC6E94}.Debug|x64.Build.0 = Debug|x64
		{BF2C6168-C60E-4925-92F6-131DECEC6E94}.Debug|x86.ActiveCfg = Debug|Win32
		{BF2C6168-C60E-4925-92F6-131DECEC6E94}.Debug|x86.Build.0 = Debug|Win32
		{BF2C6168-C60E-4925-92F6-131DECEC6E94}.Release|x64.ActiveCfg = Release|x64
		{BF2C6168-C60E-4925-92F6-131DECEC6E94}.Release|x64.Build.0 = Release|x64
		{BF2C6168-C60E-4925-92F6-131DECEC6E94}.Release|x86.ActiveCfg = Release|Win32
		{BF2C6168-C60E-4925-92F6-131DECEC6E94}.Release|x86.Build.0 = Release|Win32
	EndGlobalSection
	GlobalSection(SolutionProperties) = preSolution
		HideSolutionNode = FALSE
	EndGlobalSection
	GlobalSection(ExtensibilityGlobals) = postSolution
		SolutionGuid = {D268A5AA-42A5-4AEC-A5BF-0453ED0145C9}
	EndGlobalSection
EndGlobal
